// !$*UTF8*$!
{
	archiveVersion = 1;
	classes = {
	};
	objectVersion = 46;
	objects = {

/* Begin PBXBuildFile section */
		57DA23EA1D73EACE00D7D9DA /* main.m in Sources */ = {isa = PBXBuildFile; fileRef = 57DA23E91D73EACE00D7D9DA /* main.m */; };
		57DA23ED1D73EACF00D7D9DA /* AppDelegate.m in Sources */ = {isa = PBXBuildFile; fileRef = 57DA23EC1D73EACF00D7D9DA /* AppDelegate.m */; };
		57DA23F01D73EACF00D7D9DA /* ViewController.m in Sources */ = {isa = PBXBuildFile; fileRef = 57DA23EF1D73EACF00D7D9DA /* ViewController.m */; };
		57DA23F31D73EACF00D7D9DA /* Main.storyboard in Resources */ = {isa = PBXBuildFile; fileRef = 57DA23F11D73EACF00D7D9DA /* Main.storyboard */; };
		57DA23F51D73EACF00D7D9DA /* Assets.xcassets in Resources */ = {isa = PBXBuildFile; fileRef = 57DA23F41D73EACF00D7D9DA /* Assets.xcassets */; };
		57DA23F81D73EACF00D7D9DA /* LaunchScreen.storyboard in Resources */ = {isa = PBXBuildFile; fileRef = 57DA23F61D73EACF00D7D9DA /* LaunchScreen.storyboard */; };
		E8DF4BBA530C32DAE0FFCEAF /* libPods-ZRKeyChain.a in Frameworks */ = {isa = PBXBuildFile; fileRef = 7D9987CC9CDB6EA8A5A5BEDC /* libPods-ZRKeyChain.a */; };
/* End PBXBuildFile section */

/* Begin PBXFileReference section */
		2A6E407E4255863AB81A9418 /* Pods-ZRKeyChain.debug.xcconfig */ = {isa = PBXFileReference; includeInIndex = 1; lastKnownFileType = text.xcconfig; name = "Pods-ZRKeyChain.debug.xcconfig"; path = "Pods/Target Support Files/Pods-ZRKeyChain/Pods-ZRKeyChain.debug.xcconfig"; sourceTree = "<group>"; };
		57DA23E51D73EACE00D7D9DA /* ZRKeyChain.app */ = {isa = PBXFileReference; explicitFileType = wrapper.application; includeInIndex = 0; path = ZRKeyChain.app; sourceTree = BUILT_PRODUCTS_DIR; };
		57DA23E91D73EACE00D7D9DA /* main.m */ = {isa = PBXFileReference; lastKnownFileType = sourcecode.c.objc; path = main.m; sourceTree = "<group>"; };
		57DA23EB1D73EACF00D7D9DA /* AppDelegate.h */ = {isa = PBXFileReference; lastKnownFileType = sourcecode.c.h; path = AppDelegate.h; sourceTree = "<group>"; };
		57DA23EC1D73EACF00D7D9DA /* AppDelegate.m */ = {isa = PBXFileReference; lastKnownFileType = sourcecode.c.objc; path = AppDelegate.m; sourceTree = "<group>"; };
		57DA23EE1D73EACF00D7D9DA /* ViewController.h */ = {isa = PBXFileReference; lastKnownFileType = sourcecode.c.h; path = ViewController.h; sourceTree = "<group>"; };
		57DA23EF1D73EACF00D7D9DA /* ViewController.m */ = {isa = PBXFileReference; lastKnownFileType = sourcecode.c.objc; path = ViewController.m; sourceTree = "<group>"; };
		57DA23F21D73EACF00D7D9DA /* Base */ = {isa = PBXFileReference; lastKnownFileType = file.storyboard; name = Base; path = Base.lproj/Main.storyboard; sourceTree = "<group>"; };
		57DA23F41D73EACF00D7D9DA /* Assets.xcassets */ = {isa = PBXFileReference; lastKnownFileType = folder.assetcatalog; path = Assets.xcassets; sourceTree = "<group>"; };
		57DA23F71D73EACF00D7D9DA /* Base */ = {isa = PBXFileReference; lastKnownFileType = file.storyboard; name = Base; path = Base.lproj/LaunchScreen.storyboard; sourceTree = "<group>"; };
		57DA23F91D73EAD000D7D9DA /* Info.plist */ = {isa = PBXFileReference; lastKnownFileType = text.plist.xml; path = Info.plist; sourceTree = "<group>"; };
		7D9987CC9CDB6EA8A5A5BEDC /* libPods-ZRKeyChain.a */ = {isa = PBXFileReference; explicitFileType = archive.ar; includeInIndex = 0; path = "libPods-ZRKeyChain.a"; sourceTree = BUILT_PRODUCTS_DIR; };
		A887C346BAEEEBE2706D5293 /* Pods-ZRKeyChain.release.xcconfig */ = {isa = PBXFileReference; includeInIndex = 1; lastKnownFileType = text.xcconfig; name = "Pods-ZRKeyChain.release.xcconfig"; path = "Pods/Target Support Files/Pods-ZRKeyChain/Pods-ZRKeyChain.release.xcconfig"; sourceTree = "<group>"; };
/* End PBXFileReference section */

/* Begin PBXFrameworksBuildPhase section */
		57DA23E21D73EACE00D7D9DA /* Frameworks */ = {
			isa = PBXFrameworksBuildPhase;
			buildActionMask = 2147483647;
			files = (
				E8DF4BBA530C32DAE0FFCEAF /* libPods-ZRKeyChain.a in Frameworks */,
			);
			runOnlyForDeploymentPostprocessing = 0;
		};
/* End PBXFrameworksBuildPhase section */

/* Begin PBXGroup section */
		39D052FC56DCA6B552710297 /* Frameworks */ = {
			isa = PBXGroup;
			children = (
				7D9987CC9CDB6EA8A5A5BEDC /* libPods-ZRKeyChain.a */,
			);
			name = Frameworks;
			sourceTree = "<group>";
		};
		57DA23DC1D73EACE00D7D9DA = {
			isa = PBXGroup;
			children = (
				57DA23E71D73EACE00D7D9DA /* ZRKeyChain */,
				57DA23E61D73EACE00D7D9DA /* Products */,
				9F3EB740ACE369014DD2039B /* Pods */,
				39D052FC56DCA6B552710297 /* Frameworks */,
			);
			sourceTree = "<group>";
		};
		57DA23E61D73EACE00D7D9DA /* Products */ = {
			isa = PBXGroup;
			children = (
				57DA23E51D73EACE00D7D9DA /* ZRKeyChain.app */,
			);
			name = Products;
			sourceTree = "<group>";
		};
		57DA23E71D73EACE00D7D9DA /* ZRKeyChain */ = {
			isa = PBXGroup;
			children = (
				57DA23EB1D73EACF00D7D9DA /* AppDelegate.h */,
				57DA23EC1D73EACF00D7D9DA /* AppDelegate.m */,
				57DA23EE1D73EACF00D7D9DA /* ViewController.h */,
				57DA23EF1D73EACF00D7D9DA /* ViewController.m */,
				57DA23F11D73EACF00D7D9DA /* Main.storyboard */,
				57DA23F41D73EACF00D7D9DA /* Assets.xcassets */,
				57DA23F61D73EACF00D7D9DA /* LaunchScreen.storyboard */,
				57DA23F91D73EAD000D7D9DA /* Info.plist */,
				57DA23E81D73EACE00D7D9DA /* Supporting Files */,
			);
			path = ZRKeyChain;
			sourceTree = "<group>";
		};
		57DA23E81D73EACE00D7D9DA /* Supporting Files */ = {
			isa = PBXGroup;
			children = (
				57DA23E91D73EACE00D7D9DA /* main.m */,
			);
			name = "Supporting Files";
			sourceTree = "<group>";
		};
		9F3EB740ACE369014DD2039B /* Pods */ = {
			isa = PBXGroup;
			children = (
				2A6E407E4255863AB81A9418 /* Pods-ZRKeyChain.debug.xcconfig */,
				A887C346BAEEEBE2706D5293 /* Pods-ZRKeyChain.release.xcconfig */,
			);
			name = Pods;
			sourceTree = "<group>";
		};
/* End PBXGroup section */

/* Begin PBXNativeTarget section */
		57DA23E41D73EACE00D7D9DA /* ZRKeyChain */ = {
			isa = PBXNativeTarget;
			buildConfigurationList = 57DA23FC1D73EAD000D7D9DA /* Build configuration list for PBXNativeTarget "ZRKeyChain" */;
			buildPhases = (
				AC0E9CF756123B5645895C18 /* 📦 Check Pods Manifest.lock */,
				57DA23E11D73EACE00D7D9DA /* Sources */,
				57DA23E21D73EACE00D7D9DA /* Frameworks */,
				57DA23E31D73EACE00D7D9DA /* Resources */,
				BE1B674CC0B382040B0D94B8 /* 📦 Embed Pods Frameworks */,
				8B17B535E88625497EFDBE42 /* 📦 Copy Pods Resources */,
			);
			buildRules = (
			);
			dependencies = (
			);
			name = ZRKeyChain;
			productName = ZRKeyChain;
			productReference = 57DA23E51D73EACE00D7D9DA /* ZRKeyChain.app */;
			productType = "com.apple.product-type.application";
		};
/* End PBXNativeTarget section */

/* Begin PBXProject section */
		57DA23DD1D73EACE00D7D9DA /* Project object */ = {
			isa = PBXProject;
			attributes = {
				LastUpgradeCheck = 0730;
				ORGANIZATIONNAME = XiaoRuiGeGe;
				TargetAttributes = {
					57DA23E41D73EACE00D7D9DA = {
						CreatedOnToolsVersion = 7.3.1;
					};
				};
			};
			buildConfigurationList = 57DA23E01D73EACE00D7D9DA /* Build configuration list for PBXProject "ZRKeyChain" */;
			compatibilityVersion = "Xcode 3.2";
			developmentRegion = English;
			hasScannedForEncodings = 0;
			knownRegions = (
				en,
				Base,
			);
			mainGroup = 57DA23DC1D73EACE00D7D9DA;
			productRefGroup = 57DA23E61D73EACE00D7D9DA /* Products */;
			projectDirPath = "";
			projectRoot = "";
			targets = (
				57DA23E41D73EACE00D7D9DA /* ZRKeyChain */,
			);
		};
/* End PBXProject section */

/* Begin PBXResourcesBuildPhase section */
		57DA23E31D73EACE00D7D9DA /* Resources */ = {
			isa = PBXResourcesBuildPhase;
			buildActionMask = 2147483647;
			files = (
				57DA23F81D73EACF00D7D9DA /* LaunchScreen.storyboard in Resources */,
				57DA23F51D73EACF00D7D9DA /* Assets.xcassets in Resources */,
				57DA23F31D73EACF00D7D9DA /* Main.storyboard in Resources */,
			);
			runOnlyForDeploymentPostprocessing = 0;
		};
/* End PBXResourcesBuildPhase section */

/* Begin PBXShellScriptBuildPhase section */
		8B17B535E88625497EFDBE42 /* 📦 Copy Pods Resources */ = {
			isa = PBXShellScriptBuildPhase;
			buildActionMask = 2147483647;
			files = (
			);
			inputPaths = (
			);
			name = "📦 Copy Pods Resources";
			outputPaths = (
			);
			runOnlyForDeploymentPostprocessing = 0;
			shellPath = /bin/sh;
			shellScript = "\"${SRCROOT}/Pods/Target Support Files/Pods-ZRKeyChain/Pods-ZRKeyChain-resources.sh\"\n";
			showEnvVarsInLog = 0;
		};
		AC0E9CF756123B5645895C18 /* 📦 Check Pods Manifest.lock */ = {
			isa = PBXShellScriptBuildPhase;
			buildActionMask = 2147483647;
			files = (
			);
			inputPaths = (
			);
			name = "📦 Check Pods Manifest.lock";
			outputPaths = (
			);
			runOnlyForDeploymentPostprocessing = 0;
			shellPath = /bin/sh;
			shellScript = "diff \"${PODS_ROOT}/../Podfile.lock\" \"${PODS_ROOT}/Manifest.lock\" > /dev/null\nif [[ $? != 0 ]] ; then\n    cat << EOM\nerror: The sandbox is not in sync with the Podfile.lock. Run 'pod install' or update your CocoaPods installation.\nEOM\n    exit 1\nfi\n";
			showEnvVarsInLog = 0;
		};
		BE1B674CC0B382040B0D94B8 /* 📦 Embed Pods Frameworks */ = {
			isa = PBXShellScriptBuildPhase;
			buildActionMask = 2147483647;
			files = (
			);
			inputPaths = (
			);
			name = "📦 Embed Pods Frameworks";
			outputPaths = (
			);
			runOnlyForDeploymentPostprocessing = 0;
			shellPath = /bin/sh;
			shellScript = "\"${SRCROOT}/Pods/Target Support Files/Pods-ZRKeyChain/Pods-ZRKeyChain-frameworks.sh\"\n";
			showEnvVarsInLog = 0;
		};
/* End PBXShellScriptBuildPhase section */

/* Begin PBXSourcesBuildPhase section */
		57DA23E11D73EACE00D7D9DA /* Sources */ = {
			isa = PBXSourcesBuildPhase;
			buildActionMask = 2147483647;
			files = (
				57DA23F01D73EACF00D7D9DA /* ViewController.m in Sources */,
				57DA23ED1D73EACF00D7D9DA /* AppDelegate.m in Sources */,
				57DA23EA1D73EACE00D7D9DA /* main.m in Sources */,
			);
			runOnlyForDeploymentPostprocessing = 0;
		};
/* End PBXSourcesBuildPhase section */

/* Begin PBXVariantGroup section */
		57DA23F11D73EACF00D7D9DA /* Main.storyboard */ = {
			isa = PBXVariantGroup;
			children = (
				57DA23F21D73EACF00D7D9DA /* Base */,
			);
			name = Main.storyboard;
			sourceTree = "<group>";
		};
		57DA23F61D73EACF00D7D9DA /* LaunchScreen.storyboard */ = {
			isa = PBXVariantGroup;
			children = (
				57DA23F71D73EACF00D7D9DA /* Base */,
			);
			name = LaunchScreen.storyboard;
			sourceTree = "<group>";
		};
/* End PBXVariantGroup section */

/* Begin XCBuildConfiguration section */
		57DA23FA1D73EAD000D7D9DA /* Debug */ = {
			isa = XCBuildConfiguration;
			buildSettings = {
				ALWAYS_SEARCH_USER_PATHS = NO;
				CLANG_ANALYZER_NONNULL = YES;
				CLANG_CXX_LANGUAGE_STANDARD = "gnu++0x";
				CLANG_CXX_LIBRARY = "libc++";
				CLANG_ENABLE_MODULES = YES;
				CLANG_ENABLE_OBJC_ARC = YES;
				CLANG_WARN_BOOL_CONVERSION = YES;
				CLANG_WARN_CONSTANT_CONVERSION = YES;
				CLANG_WARN_DIRECT_OBJC_ISA_USAGE = YES_ERROR;
				CLANG_WARN_EMPTY_BODY = YES;
				CLANG_WARN_ENUM_CONVERSION = YES;
				CLANG_WARN_INT_CONVERSION = YES;
				CLANG_WARN_OBJC_ROOT_CLASS = YES_ERROR;
				CLANG_WARN_UNREACHABLE_CODE = YES;
				CLANG_WARN__DUPLICATE_METHOD_MATCH = YES;
				"CODE_SIGN_IDENTITY[sdk=iphoneos*]" = "iPhone Developer";
				COPY_PHASE_STRIP = NO;
				DEBUG_INFORMATION_FORMAT = dwarf;
				ENABLE_STRICT_OBJC_MSGSEND = YES;
				ENABLE_TESTABILITY = YES;
				GCC_C_LANGUAGE_STANDARD = gnu99;
				GCC_DYNAMIC_NO_PIC = NO;
				GCC_NO_COMMON_BLOCKS = YES;
				GCC_OPTIMIZATION_LEVEL = 0;
				GCC_PREPROCESSOR_DEFINITIONS = (
					"DEBUG=1",
					"$(inherited)",
				);
				GCC_WARN_64_TO_32_BIT_CONVERSION = YES;
				GCC_WARN_ABOUT_RETURN_TYPE = YES_ERROR;
				GCC_WARN_UNDECLARED_SELECTOR = YES;
				GCC_WARN_UNINITIALIZED_AUTOS = YES_AGGRESSIVE;
				GCC_WARN_UNUSED_FUNCTION = YES;
				GCC_WARN_UNUSED_VARIABLE = YES;
				IPHONEOS_DEPLOYMENT_TARGET = 9.3;
				MTL_ENABLE_DEBUG_INFO = YES;
				ONLY_ACTIVE_ARCH = YES;
				SDKROOT = iphoneos;
			};
			name = Debug;
		};
		57DA23FB1D73EAD000D7D9DA /* Release */ = {
			isa = XCBuildConfiguration;
			buildSettings = {
				ALWAYS_SEARCH_USER_PATHS = NO;
				CLANG_ANALYZER_NONNULL = YES;
				CLANG_CXX_LANGUAGE_STANDARD = "gnu++0x";
				CLANG_CXX_LIBRARY = "libc++";
				CLANG_ENABLE_MODULES = YES;
				CLANG_ENABLE_OBJC_ARC = YES;
				CLANG_WARN_BOOL_CONVERSION = YES;
				CLANG_WARN_CONSTANT_CONVERSION = YES;
				CLANG_WARN_DIRECT_OBJC_ISA_USAGE = YES_ERROR;
				CLANG_WARN_EMPTY_BODY = YES;
				CLANG_WARN_ENUM_CONVERSION = YES;
				CLANG_WARN_INT_CONVERSION = YES;
				CLANG_WARN_OBJC_ROOT_CLASS = YES_ERROR;
				CLANG_WARN_UNREACHABLE_CODE = YES;
				CLANG_WARN__DUPLICATE_METHOD_MATCH = YES;
				"CODE_SIGN_IDENTITY[sdk=iphoneos*]" = "iPhone Developer";
				COPY_PHASE_STRIP = NO;
				DEBUG_INFORMATION_FORMAT = "dwarf-with-dsym";
				ENABLE_NS_ASSERTIONS = NO;
				ENABLE_STRICT_OBJC_MSGSEND = YES;
				GCC_C_LANGUAGE_STANDARD = gnu99;
				GCC_NO_COMMON_BLOCKS = YES;
				GCC_WARN_64_TO_32_BIT_CONVERSION = YES;
				GCC_WARN_ABOUT_RETURN_TYPE = YES_ERROR;
				GCC_WARN_UNDECLARED_SELECTOR = YES;
				GCC_WARN_UNINITIALIZED_AUTOS = YES_AGGRESSIVE;
				GCC_WARN_UNUSED_FUNCTION = YES;
				GCC_WARN_UNUSED_VARIABLE = YES;
				IPHONEOS_DEPLOYMENT_TARGET = 9.3;
				MTL_ENABLE_DEBUG_INFO = NO;
				SDKROOT = iphoneos;
				VALIDATE_PRODUCT = YES;
			};
			name = Release;
		};
		57DA23FD1D73EAD000D7D9DA /* Debug */ = {
			isa = XCBuildConfiguration;
			baseConfigurationReference = 2A6E407E4255863AB81A9418 /* Pods-ZRKeyChain.debug.xcconfig */;
			buildSettings = {
				ASSETCATALOG_COMPILER_APPICON_NAME = AppIcon;
				INFOPLIST_FILE = ZRKeyChain/Info.plist;
				IPHONEOS_DEPLOYMENT_TARGET = 7.0;
				LD_RUNPATH_SEARCH_PATHS = "$(inherited) @executable_path/Frameworks";
				PRODUCT_BUNDLE_IDENTIFIER = com.xiaoruigege.ZRKeyChain;
				PRODUCT_NAME = "$(TARGET_NAME)";
			};
			name = Debug;
		};
		57DA23FE1D73EAD000D7D9DA /* Release */ = {
			isa = XCBuildConfiguration;
			baseConfigurationReference = A887C346BAEEEBE2706D5293 /* Pods-ZRKeyChain.release.xcconfig */;
			buildSettings = {
				ASSETCATALOG_COMPILER_APPICON_NAME = AppIcon;
				INFOPLIST_FILE = ZRKeyChain/Info.plist;
				IPHONEOS_DEPLOYMENT_TARGET = 7.0;
				LD_RUNPATH_SEARCH_PATHS = "$(inherited) @executable_path/Frameworks";
				PRODUCT_BUNDLE_IDENTIFIER = com.xiaoruigege.ZRKeyChain;
				PRODUCT_NAME = "$(TARGET_NAME)";
			};
			name = Release;
		};
/* End XCBuildConfiguration section */

/* Begin XCConfigurationList section */
		57DA23E01D73EACE00D7D9DA /* Build configuration list for PBXProject "ZRKeyChain" */ = {
			isa = XCConfigurationList;
			buildConfigurations = (
				57DA23FA1D73EAD000D7D9DA /* Debug */,
				57DA23FB1D73EAD000D7D9DA /* Release */,
			);
			defaultConfigurationIsVisible = 0;
			defaultConfigurationName = Release;
		};
		57DA23FC1D73EAD000D7D9DA /* Build configuration list for PBXNativeTarget "ZRKeyChain" */ = {
			isa = XCConfigurationList;
			buildConfigurations = (
				57DA23FD1D73EAD000D7D9DA /* Debug */,
				57DA23FE1D73EAD000D7D9DA /* Release */,
			);
			defaultConfigurationIsVisible = 0;
			defaultConfigurationName = Release;
		};
/* End XCConfigurationList section */
	};
	rootObject = 57DA23DD1D73EACE00D7D9DA /* Project object */;
}
